<?xml version="1.0" encoding="utf-8"?>
<Project ToolsVersion="4.0" xmlns="http://schemas.microsoft.com/developer/msbuild/2003">
  <ItemGroup>
    <Filter Include="Source Files">
      <UniqueIdentifier>{4FC737F1-C7A5-4376-A066-2A32D752A2FF}</UniqueIdentifier>
      <Extensions>cpp;c;cc;cxx;def;odl;idl;hpj;bat;asm;asmx</Extensions>
    </Filter>
    <Filter Include="Header Files">
      <UniqueIdentifier>{93995380-89BD-4b04-88EB-625FBE52EBFB}</UniqueIdentifier>
      <Extensions>h;hh;hpp;hxx;hm;inl;inc;xsd</Extensions>
    </Filter>
    <Filter Include="Header Files\Util">
      <UniqueIdentifier>{ba95d43c-ca9d-43ed-b480-84cbb4677eb8}</UniqueIdentifier>
    </Filter>
    <Filter Include="Source Files\Util">
      <UniqueIdentifier>{780088f7-6c52-4699-9bf9-e136a7d4d05d}</UniqueIdentifier>
    </Filter>
    <Filter Include="Header Files\States">
      <UniqueIdentifier>{423bf846-6b80-488a-9580-03a0ab04c198}</UniqueIdentifier>
    </Filter>
    <Filter Include="Source Files\States">
      <UniqueIdentifier>{8cfe63b6-5efa-466d-a5bf-49d23bae0e92}</UniqueIdentifier>
    </Filter>
    <Filter Include="Header Files\UI">
      <UniqueIdentifier>{5678b0b3-4a1c-4632-ae0c-97010556e60f}</UniqueIdentifier>
    </Filter>
    <Filter Include="Source Files\UI">
      <UniqueIdentifier>{0b39bfcb-afa9-4627-b885-f41641054329}</UniqueIdentifier>
    </Filter>
    <Filter Include="Header Files\Pets">
      <UniqueIdentifier>{8428e737-84cc-4df5-a7aa-c3bd5a1e783a}</UniqueIdentifier>
    </Filter>
    <Filter Include="Source Files\Pets">
      <UniqueIdentifier>{b25b1a9c-6cf5-4a27-ab9e-6a7bc597f8e3}</UniqueIdentifier>
    </Filter>
  </ItemGroup>
  <ItemGroup>
    <ClCompile Include="Main.cpp">
      <Filter>Source Files</Filter>
    </ClCompile>
    <ClCompile Include="Src\GameCore.cpp">
      <Filter>Source Files</Filter>
    </ClCompile>
    <ClCompile Include="Src\SpriteManager.cpp">
      <Filter>Source Files</Filter>
    </ClCompile>
    <ClCompile Include="Src\Util\MathUtilites.cpp">
      <Filter>Source Files\Util</Filter>
    </ClCompile>
    <ClCompile Include="Src\States\StateManager.cpp">
      <Filter>Source Files\States</Filter>
    </ClCompile>
    <ClCompile Include="Src\States\State.cpp">
      <Filter>Source Files\States</Filter>
    </ClCompile>
    <ClCompile Include="Src\UI\Button.cpp">
      <Filter>Source Files\UI</Filter>
    </ClCompile>
    <ClCompile Include="Src\States\Play.cpp">
      <Filter>Source Files\States</Filter>
    </ClCompile>
    <ClCompile Include="Src\States\TitleScreen.cpp">
      <Filter>Source Files\States</Filter>
    </ClCompile>
    <ClCompile Include="Src\Util\Animation.cpp">
      <Filter>Source Files\Util</Filter>
    </ClCompile>
    <ClCompile Include="Src\States\ChooseProperty.cpp">
      <Filter>Source Files\States</Filter>
    </ClCompile>
    <ClCompile Include="Src\Player.cpp">
      <Filter>Source Files</Filter>
    </ClCompile>
    <ClCompile Include="Src\Properties.cpp">
      <Filter>Source Files</Filter>
    </ClCompile>
    <ClCompile Include="Src\Pet.cpp">
      <Filter>Source Files</Filter>
    </ClCompile>
    <ClCompile Include="Src\Pets\Pet.cpp">
      <Filter>Source Files\Pets</Filter>
    </ClCompile>
    <ClCompile Include="Src\World\World.cpp">
      <Filter>Source Files</Filter>
    </ClCompile>
  </ItemGroup>
  <ItemGroup>
    <ClInclude Include="Inc\GameCore.h">
      <Filter>Header Files</Filter>
    </ClInclude>
    <ClInclude Include="Inc\SpriteManager.h">
      <Filter>Header Files</Filter>
    </ClInclude>
    <ClInclude Include="Inc\Util\MathUtilites.h">
      <Filter>Header Files\Util</Filter>
    </ClInclude>
    <ClInclude Include="Inc\States\State.h">
      <Filter>Header Files\States</Filter>
    </ClInclude>
    <ClInclude Include="Inc\States\StateManager.h">
      <Filter>Header Files\States</Filter>
    </ClInclude>
    <ClInclude Include="Inc\UI\Button.h">
      <Filter>Header Files\UI</Filter>
    </ClInclude>
    <ClInclude Include="Inc\States\Play.h">
      <Filter>Header Files\States</Filter>
    </ClInclude>
    <ClInclude Include="Inc\States\TitleScreen.h">
      <Filter>Header Files\States</Filter>
    </ClInclude>
    <ClInclude Include="Inc\Util\Utilities.h">
      <Filter>Header Files\Util</Filter>
    </ClInclude>
    <ClInclude Include="Inc\Util\Animation.h">
      <Filter>Header Files\Util</Filter>
    </ClInclude>
    <ClInclude Include="Inc\States\ChooseProperty.h">
      <Filter>Header Files\States</Filter>
    </ClInclude>
    <ClInclude Include="Inc\Player.h">
      <Filter>Header Files</Filter>
    </ClInclude>
    <ClInclude Include="Inc\Properties.h">
      <Filter>Header Files</Filter>
    </ClInclude>
    <ClInclude Include="Inc\Pets\Pet.h">
      <Filter>Header Files\Pets</Filter>
    </ClInclude>
    <ClInclude Include="Inc\World\World.h">
      <Filter>Header Files</Filter>
    </ClInclude>
  </ItemGroup>
</Project>